
Microsoft Visual Studio Solution File, Format Version 12.00
# Visual Studio 15
VisualStudioVersion = 15.0.28307.421
MinimumVisualStudioVersion = 10.0.40219.1
Project("{9A19103F-16F7-4668-BE54-9A1E7A4F7556}") = "mvccoreapplication", "mvccoreapplicatio\mvccoreapplication.csproj", "{93388142-F775-4990-8F8D-738B860139E8}"
EndProject
Project("{FAE04EC0-301F-11D3-BF4B-00C04F79EFBC}") = "mvccoreroutingapp", "mvccoreroutingapp\mvccoreroutingapp.csproj", "{B11D297F-A4ED-4288-8680-F8174CB268AF}"
EndProject
Project("{FAE04EC0-301F-11D3-BF4B-00C04F79EFBC}") = "mvcvsmvccore", "mvcvsmvccore\mvcvsmvccore.csproj", "{7C4D9348-594C-4E46-901A-C824AAC9939E}"
EndProject
Global
	GlobalSection(SolutionConfigurationPlatforms) = preSolution
		Debug|Any CPU = Debug|Any CPU
		Release|Any CPU = Release|Any CPU
	EndGlobalSection
	GlobalSection(ProjectConfigurationPlatforms) = postSolution
		{93388142-F775-4990-8F8D-738B860139E8}.Debug|Any CPU.ActiveCfg = Debug|Any CPU
		{93388142-F775-4990-8F8D-738B860139E8}.Debug|Any CPU.Build.0 = Debug|Any CPU
		{93388142-F775-4990-8F8D-738B860139E8}.Release|Any CPU.ActiveCfg = Release|Any CPU
		{93388142-F775-4990-8F8D-738B860139E8}.Release|Any CPU.Build.0 = Release|Any CPU
		{B11D297F-A4ED-4288-8680-F8174CB268AF}.Debug|Any CPU.ActiveCfg = Debug|Any CPU
		{B11D297F-A4ED-4288-8680-F8174CB268AF}.Debug|Any CPU.Build.0 = Debug|Any CPU
		{B11D297F-A4ED-4288-8680-F8174CB268AF}.Release|Any CPU.ActiveCfg = Release|Any CPU
		{B11D297F-A4ED-4288-8680-F8174CB268AF}.Release|Any CPU.Build.0 = Release|Any CPU
		{7C4D9348-594C-4E46-901A-C824AAC9939E}.Debug|Any CPU.ActiveCfg = Debug|Any CPU
		{7C4D9348-594C-4E46-901A-C824AAC9939E}.Debug|Any CPU.Build.0 = Debug|Any CPU
		{7C4D9348-594C-4E46-901A-C824AAC9939E}.Release|Any CPU.ActiveCfg = Release|Any CPU
		{7C4D9348-594C-4E46-901A-C824AAC9939E}.Release|Any CPU.Build.0 = Release|Any CPU
	EndGlobalSection
	GlobalSection(SolutionProperties) = preSolution
		HideSolutionNode = FALSE
	EndGlobalSection
	GlobalSection(ExtensibilityGlobals) = postSolution
		SolutionGuid = {FAEEC936-B8C4-4226-85B3-20247A803BC1}
	EndGlobalSection
EndGlobal
